# Code generated by scarb DO NOT EDIT.
version = 1

[[package]]
name = "cartridge_vrf"
version = "0.1.0"

[[package]]
name = "listing_06_dice_game_vrf"
version = "0.1.0"
dependencies = [
 "cartridge_vrf",
 "openzeppelin_access",
 "snforge_std",
]

[[package]]
name = "openzeppelin_access"
version = "2.0.0"
source = "registry+https://scarbs.xyz/"
checksum = "sha256:511681dd26d814ee2bc996d44ff8cb4aaa5ae9d14272130def7eb901cf004850"
dependencies = [
 "openzeppelin_introspection",
]

[[package]]
name = "openzeppelin_introspection"
version = "2.0.0"
source = "registry+https://scarbs.xyz/"
checksum = "sha256:87773ed6cd2318f169283ecbbb161890d1996260a80302d81ec45b70ee5e54c1"

[[package]]
name = "snforge_scarb_plugin"
version = "0.58.1"
source = "registry+https://scarbs.xyz/"
checksum = "sha256:c3ce76f0159e7752e6322966f4022f36b801128cc02a9835ceb5f89696ca5dca"

[[package]]
name = "snforge_std"
version = "0.58.1"
source = "registry+https://scarbs.xyz/"
checksum = "sha256:4310803d74ef0c4f76ceba75e88d5c2621ff8b3490cfe5250ed7321de976474d"
dependencies = [
 "snforge_scarb_plugin",
]
