# Code generated by scarb DO NOT EDIT.
version = 1

[[package]]
name = "snforge_scarb_plugin"
version = "0.62.1"
source = "registry+https://scarbs.xyz/"
checksum = "sha256:f029f266be8fd2e66339be3e39e1cdada308d49cc12c2f76f3f5e949668361da"

[[package]]
name = "snforge_std"
version = "0.62.1"
source = "registry+https://scarbs.xyz/"
checksum = "sha256:20ef99a8f3d6515ec609499334f9b2fe86ddf9264b84156ff068f40b28994bc8"
dependencies = [
 "snforge_scarb_plugin",
]

[[package]]
name = "test_private_function"
version = "0.1.0"
dependencies = [
 "snforge_std",
]
