# Code generated by scarb DO NOT EDIT.
version = 1

[[package]]
name = "listing_07_oz_upgrade"
version = "0.1.0"
dependencies = [
 "openzeppelin",
 "openzeppelin_upgrades",
]

[[package]]
name = "openzeppelin"
version = "2.0.0"
source = "registry+https://scarbs.xyz/"
checksum = "sha256:5e4fdecc957cfca7854d95912dc72d9f725517c063b116512900900add29fd77"
dependencies = [
 "openzeppelin_access",
 "openzeppelin_account",
 "openzeppelin_finance",
 "openzeppelin_governance",
 "openzeppelin_introspection",
 "openzeppelin_merkle_tree",
 "openzeppelin_presets",
 "openzeppelin_security",
 "openzeppelin_token",
 "openzeppelin_upgrades",
 "openzeppelin_utils",
]

[[package]]
name = "openzeppelin_access"
version = "2.0.0"
source = "registry+https://scarbs.xyz/"
checksum = "sha256:511681dd26d814ee2bc996d44ff8cb4aaa5ae9d14272130def7eb901cf004850"
dependencies = [
 "openzeppelin_introspection",
]

[[package]]
name = "openzeppelin_account"
version = "2.0.0"
source = "registry+https://scarbs.xyz/"
checksum = "sha256:fb3381c50d68b028d3801feb43df378e2bd62137b6884844f8f60aefe796188b"
dependencies = [
 "openzeppelin_introspection",
 "openzeppelin_utils",
]

[[package]]
name = "openzeppelin_finance"
version = "2.0.0"
source = "registry+https://scarbs.xyz/"
checksum = "sha256:e9456ef69502a87c4c99bf50145351b50950f8b11244847d92935c466c4ba787"
dependencies = [
 "openzeppelin_access",
 "openzeppelin_token",
]

[[package]]
name = "openzeppelin_governance"
version = "2.0.0"
source = "registry+https://scarbs.xyz/"
checksum = "sha256:056e6d6f3d48193b53f06283884f8a9675f986fc85425f6a40e8c1aeb3b3ecfa"
dependencies = [
 "openzeppelin_access",
 "openzeppelin_account",
 "openzeppelin_introspection",
 "openzeppelin_token",
 "openzeppelin_utils",
]

[[package]]
name = "openzeppelin_introspection"
version = "2.0.0"
source = "registry+https://scarbs.xyz/"
checksum = "sha256:87773ed6cd2318f169283ecbbb161890d1996260a80302d81ec45b70ee5e54c1"

[[package]]
name = "openzeppelin_merkle_tree"
version = "2.0.0"
source = "registry+https://scarbs.xyz/"
checksum = "sha256:47f80c9ce59557774243214f8e75c5e866f30f3d8daa755855f6ffd01c89ca89"

[[package]]
name = "openzeppelin_presets"
version = "2.0.0"
source = "registry+https://scarbs.xyz/"
checksum = "sha256:36c761ee923f1dc0887c0eab8c224b49ac242dbfe9163fbb0b08562042ab3d98"
dependencies = [
 "openzeppelin_access",
 "openzeppelin_account",
 "openzeppelin_finance",
 "openzeppelin_introspection",
 "openzeppelin_token",
 "openzeppelin_upgrades",
 "openzeppelin_utils",
]

[[package]]
name = "openzeppelin_security"
version = "2.0.0"
source = "registry+https://scarbs.xyz/"
checksum = "sha256:902932ec296c2f400e0ac7c579edeaafd6067b6ce6d9854c1191de28e396ffe3"

[[package]]
name = "openzeppelin_token"
version = "2.0.0"
source = "registry+https://scarbs.xyz/"
checksum = "sha256:6fe61f63b5a6706018265fb7373b6e5bd3ff829bdc760b2b90296b1e708d180c"
dependencies = [
 "openzeppelin_access",
 "openzeppelin_account",
 "openzeppelin_introspection",
 "openzeppelin_utils",
]

[[package]]
name = "openzeppelin_upgrades"
version = "2.0.0"
source = "registry+https://scarbs.xyz/"
checksum = "sha256:560d57a9c3f3ec5a476e82fec8963c93c8df63a4ff9ff134f64ab8383bde3c61"

[[package]]
name = "openzeppelin_utils"
version = "2.0.0"
source = "registry+https://scarbs.xyz/"
checksum = "sha256:bf799c794139837f397975ffdf6a7ed5032d198bbf70e87a8f44f144a9dfc505"
