# Code generated by scarb DO NOT EDIT.
version = 1

[[package]]
name = "listing_04_integration_testing"
version = "0.1.0"
dependencies = [
 "openzeppelin_access",
 "snforge_std",
]

[[package]]
name = "openzeppelin_access"
version = "3.0.0"
source = "registry+https://scarbs.xyz/"
checksum = "sha256:2c7fab22d2601fca4f456c81272637f2563a423652d1671383bbe3d007803977"
dependencies = [
 "openzeppelin_interfaces",
 "openzeppelin_introspection",
]

[[package]]
name = "openzeppelin_interfaces"
version = "2.1.0"
source = "registry+https://scarbs.xyz/"
checksum = "sha256:f69fdb36eb894a0e0732385e723c5ff56d8cb4c1d49b29446c77eefac00b02a5"

[[package]]
name = "openzeppelin_introspection"
version = "3.0.0"
source = "registry+https://scarbs.xyz/"
checksum = "sha256:ee491981a69736cde220f8b7dd290b6d8620c85ee6b83c81f665f5bef78b62b1"
dependencies = [
 "openzeppelin_interfaces",
]

[[package]]
name = "snforge_scarb_plugin"
version = "0.62.1"
source = "registry+https://scarbs.xyz/"
checksum = "sha256:f029f266be8fd2e66339be3e39e1cdada308d49cc12c2f76f3f5e949668361da"

[[package]]
name = "snforge_std"
version = "0.62.1"
source = "registry+https://scarbs.xyz/"
checksum = "sha256:20ef99a8f3d6515ec609499334f9b2fe86ddf9264b84156ff068f40b28994bc8"
dependencies = [
 "snforge_scarb_plugin",
]
