# Code generated by scarb DO NOT EDIT.
version = 1

[[package]]
name = "example"
version = "0.1.0"
dependencies = [
 "oracle",
]

[[package]]
name = "oracle"
version = "0.1.0-dev.4"
source = "registry+https://scarbs.xyz/"
checksum = "sha256:f7f8e649a21f98dbc28dbe3575016382bc1c8a28ddf0bfd6ff4cbed66c3c5fb1"
