# Code generated by scarb DO NOT EDIT.
version = 1

[[package]]
name = "adder"
version = "0.1.0"
dependencies = [
 "snforge_std",
]

[[package]]
name = "snforge_scarb_plugin"
version = "0.58.1"
source = "registry+https://scarbs.xyz/"
checksum = "sha256:c3ce76f0159e7752e6322966f4022f36b801128cc02a9835ceb5f89696ca5dca"

[[package]]
name = "snforge_std"
version = "0.58.1"
source = "registry+https://scarbs.xyz/"
checksum = "sha256:4310803d74ef0c4f76ceba75e88d5c2621ff8b3490cfe5250ed7321de976474d"
dependencies = [
 "snforge_scarb_plugin",
]
